
Microsoft Visual Studio Solution File, Format Version 12.00
# Visual Studio Version 17
VisualStudioVersion = 17.8.34511.84
MinimumVisualStudioVersion = 10.0.40219.1
Project("{9A19103F-16F7-4668-BE54-9A1E7A4F7556}") = "LeaveManagement", "LeaveManagement\LeaveManagement.csproj", "{3EC98730-F8EE-4531-952C-E1C0526ACE69}"
EndProject
Project("{9A19103F-16F7-4668-BE54-9A1E7A4F7556}") = "DomainLayer", "DataLayer\DomainLayer.csproj", "{6E1E77CE-F0AF-4CEC-B39B-157402EE0A49}"
EndProject
Project("{9A19103F-16F7-4668-BE54-9A1E7A4F7556}") = "BusinessLayer", "PresentationLayer\BusinessLayer.csproj", "{F4C87381-12C7-4D27-A6D1-221A51738E24}"
EndProject
Project("{2150E333-8FDC-42A3-9474-1A3956D46DE8}") = "Solution Items", "Solution Items", "{ECBB585C-82AE-4A35-A860-AADF09A694CB}"
	ProjectSection(SolutionItems) = preProject
		.gitignore = .gitignore
	EndProjectSection
EndProject
Global
	GlobalSection(SolutionConfigurationPlatforms) = preSolution
		Debug|Any CPU = Debug|Any CPU
		Release|Any CPU = Release|Any CPU
	EndGlobalSection
	GlobalSection(ProjectConfigurationPlatforms) = postSolution
		{3EC98730-F8EE-4531-952C-E1C0526ACE69}.Debug|Any CPU.ActiveCfg = Debug|Any CPU
		{3EC98730-F8EE-4531-952C-E1C0526ACE69}.Debug|Any CPU.Build.0 = Debug|Any CPU
		{3EC98730-F8EE-4531-952C-E1C0526ACE69}.Release|Any CPU.ActiveCfg = Release|Any CPU
		{3EC98730-F8EE-4531-952C-E1C0526ACE69}.Release|Any CPU.Build.0 = Release|Any CPU
		{6E1E77CE-F0AF-4CEC-B39B-157402EE0A49}.Debug|Any CPU.ActiveCfg = Debug|Any CPU
		{6E1E77CE-F0AF-4CEC-B39B-157402EE0A49}.Debug|Any CPU.Build.0 = Debug|Any CPU
		{6E1E77CE-F0AF-4CEC-B39B-157402EE0A49}.Release|Any CPU.ActiveCfg = Release|Any CPU
		{6E1E77CE-F0AF-4CEC-B39B-157402EE0A49}.Release|Any CPU.Build.0 = Release|Any CPU
		{F4C87381-12C7-4D27-A6D1-221A51738E24}.Debug|Any CPU.ActiveCfg = Debug|Any CPU
		{F4C87381-12C7-4D27-A6D1-221A51738E24}.Debug|Any CPU.Build.0 = Debug|Any CPU
		{F4C87381-12C7-4D27-A6D1-221A51738E24}.Release|Any CPU.ActiveCfg = Release|Any CPU
		{F4C87381-12C7-4D27-A6D1-221A51738E24}.Release|Any CPU.Build.0 = Release|Any CPU
	EndGlobalSection
	GlobalSection(SolutionProperties) = preSolution
		HideSolutionNode = FALSE
	EndGlobalSection
	GlobalSection(ExtensibilityGlobals) = postSolution
		SolutionGuid = {0AB3BEBA-4764-440D-9F34-FEDF5872D54C}
	EndGlobalSection
EndGlobal
